// !$*UTF8*$!
{
	archiveVersion = 1;
	classes = {
	};
	objectVersion = 52;
	objects = {

/* Begin PBXBuildFile section */
		B8865DFA25A14A45000A7EBF /* SwiftyJSON in Frameworks */ = {isa = PBXBuildFile; productRef = B8865DF925A14A45000A7EBF /* SwiftyJSON */; };
		B8865DFE25A14A63000A7EBF /* SDWebImageSwiftUI in Frameworks */ = {isa = PBXBuildFile; productRef = B8865DFD25A14A63000A7EBF /* SDWebImageSwiftUI */; };
		B8865E0125A14DAC000A7EBF /* ListView.swift in Sources */ = {isa = PBXBuildFile; fileRef = B8865E0025A14DAC000A7EBF /* ListView.swift */; };
		B8865E0425A153D1000A7EBF /* DetailView.swift in Sources */ = {isa = PBXBuildFile; fileRef = B8865E0325A153D1000A7EBF /* DetailView.swift */; };
		B8865E0725A155B9000A7EBF /* WebView.swift in Sources */ = {isa = PBXBuildFile; fileRef = B8865E0625A155B9000A7EBF /* WebView.swift */; };
		B8996B32259D854000E1BED3 /* NewsAppApp.swift in Sources */ = {isa = PBXBuildFile; fileRef = B8996B31259D854000E1BED3 /* NewsAppApp.swift */; };
		B8996B34259D854000E1BED3 /* ContentView.swift in Sources */ = {isa = PBXBuildFile; fileRef = B8996B33259D854000E1BED3 /* ContentView.swift */; };
		B8996B36259D854200E1BED3 /* Assets.xcassets in Resources */ = {isa = PBXBuildFile; fileRef = B8996B35259D854200E1BED3 /* Assets.xcassets */; };
		B8996B39259D854200E1BED3 /* Preview Assets.xcassets in Resources */ = {isa = PBXBuildFile; fileRef = B8996B38259D854200E1BED3 /* Preview Assets.xcassets */; };
		B8996B42259D854C00E1BED3 /* GetData.swift in Sources */ = {isa = PBXBuildFile; fileRef = B8996B41259D854C00E1BED3 /* GetData.swift */; };
/* End PBXBuildFile section */

/* Begin PBXFileReference section */
		B8865E0025A14DAC000A7EBF /* ListView.swift */ = {isa = PBXFileReference; lastKnownFileType = sourcecode.swift; path = ListView.swift; sourceTree = "<group>"; };
		B8865E0325A153D1000A7EBF /* DetailView.swift */ = {isa = PBXFileReference; lastKnownFileType = sourcecode.swift; path = DetailView.swift; sourceTree = "<group>"; };
		B8865E0625A155B9000A7EBF /* WebView.swift */ = {isa = PBXFileReference; lastKnownFileType = sourcecode.swift; path = WebView.swift; sourceTree = "<group>"; };
		B8996B2E259D854000E1BED3 /* NewsApp.app */ = {isa = PBXFileReference; explicitFileType = wrapper.application; includeInIndex = 0; path = NewsApp.app; sourceTree = BUILT_PRODUCTS_DIR; };
		B8996B31259D854000E1BED3 /* NewsAppApp.swift */ = {isa = PBXFileReference; lastKnownFileType = sourcecode.swift; path = NewsAppApp.swift; sourceTree = "<group>"; };
		B8996B33259D854000E1BED3 /* ContentView.swift */ = {isa = PBXFileReference; lastKnownFileType = sourcecode.swift; path = ContentView.swift; sourceTree = "<group>"; };
		B8996B35259D854200E1BED3 /* Assets.xcassets */ = {isa = PBXFileReference; lastKnownFileType = folder.assetcatalog; path = Assets.xcassets; sourceTree = "<group>"; };
		B8996B38259D854200E1BED3 /* Preview Assets.xcassets */ = {isa = PBXFileReference; lastKnownFileType = folder.assetcatalog; path = "Preview Assets.xcassets"; sourceTree = "<group>"; };
		B8996B3A259D854200E1BED3 /* Info.plist */ = {isa = PBXFileReference; lastKnownFileType = text.plist.xml; path = Info.plist; sourceTree = "<group>"; };
		B8996B41259D854C00E1BED3 /* GetData.swift */ = {isa = PBXFileReference; lastKnownFileType = sourcecode.swift; path = GetData.swift; sourceTree = "<group>"; };
/* End PBXFileReference section */

/* Begin PBXFrameworksBuildPhase section */
		B8996B2B259D854000E1BED3 /* Frameworks */ = {
			isa = PBXFrameworksBuildPhase;
			buildActionMask = 2147483647;
			files = (
				B8865DFE25A14A63000A7EBF /* SDWebImageSwiftUI in Frameworks */,
				B8865DFA25A14A45000A7EBF /* SwiftyJSON in Frameworks */,
			);
			runOnlyForDeploymentPostprocessing = 0;
		};
/* End PBXFrameworksBuildPhase section */

/* Begin PBXGroup section */
		B8996B25259D854000E1BED3 = {
			isa = PBXGroup;
			children = (
				B8996B30259D854000E1BED3 /* NewsApp */,
				B8996B2F259D854000E1BED3 /* Products */,
			);
			sourceTree = "<group>";
		};
		B8996B2F259D854000E1BED3 /* Products */ = {
			isa = PBXGroup;
			children = (
				B8996B2E259D854000E1BED3 /* NewsApp.app */,
			);
			name = Products;
			sourceTree = "<group>";
		};
		B8996B30259D854000E1BED3 /* NewsApp */ = {
			isa = PBXGroup;
			children = (
				B8996B31259D854000E1BED3 /* NewsAppApp.swift */,
				B8996B33259D854000E1BED3 /* ContentView.swift */,
				B8865E0625A155B9000A7EBF /* WebView.swift */,
				B8865E0325A153D1000A7EBF /* DetailView.swift */,
				B8865E0025A14DAC000A7EBF /* ListView.swift */,
				B8996B41259D854C00E1BED3 /* GetData.swift */,
				B8996B35259D854200E1BED3 /* Assets.xcassets */,
				B8996B3A259D854200E1BED3 /* Info.plist */,
				B8996B37259D854200E1BED3 /* Preview Content */,
			);
			path = NewsApp;
			sourceTree = "<group>";
		};
		B8996B37259D854200E1BED3 /* Preview Content */ = {
			isa = PBXGroup;
			children = (
				B8996B38259D854200E1BED3 /* Preview Assets.xcassets */,
			);
			path = "Preview Content";
			sourceTree = "<group>";
		};
/* End PBXGroup section */

/* Begin PBXNativeTarget section */
		B8996B2D259D854000E1BED3 /* NewsApp */ = {
			isa = PBXNativeTarget;
			buildConfigurationList = B8996B3D259D854200E1BED3 /* Build configuration list for PBXNativeTarget "NewsApp" */;
			buildPhases = (
				B8996B2A259D854000E1BED3 /* Sources */,
				B8996B2B259D854000E1BED3 /* Frameworks */,
				B8996B2C259D854000E1BED3 /* Resources */,
			);
			buildRules = (
			);
			dependencies = (
			);
			name = NewsApp;
			packageProductDependencies = (
				B8865DF925A14A45000A7EBF /* SwiftyJSON */,
				B8865DFD25A14A63000A7EBF /* SDWebImageSwiftUI */,
			);
			productName = NewsApp;
			productReference = B8996B2E259D854000E1BED3 /* NewsApp.app */;
			productType = "com.apple.product-type.application";
		};
/* End PBXNativeTarget section */

/* Begin PBXProject section */
		B8996B26259D854000E1BED3 /* Project object */ = {
			isa = PBXProject;
			attributes = {
				LastSwiftUpdateCheck = 1230;
				LastUpgradeCheck = 1230;
				TargetAttributes = {
					B8996B2D259D854000E1BED3 = {
						CreatedOnToolsVersion = 12.3;
					};
				};
			};
			buildConfigurationList = B8996B29259D854000E1BED3 /* Build configuration list for PBXProject "NewsApp" */;
			compatibilityVersion = "Xcode 9.3";
			developmentRegion = en;
			hasScannedForEncodings = 0;
			knownRegions = (
				en,
				Base,
			);
			mainGroup = B8996B25259D854000E1BED3;
			packageReferences = (
				B8865DF825A14A45000A7EBF /* XCRemoteSwiftPackageReference "SwiftyJSON" */,
				B8865DFC25A14A63000A7EBF /* XCRemoteSwiftPackageReference "SDWebImageSwiftUI" */,
			);
			productRefGroup = B8996B2F259D854000E1BED3 /* Products */;
			projectDirPath = "";
			projectRoot = "";
			targets = (
				B8996B2D259D854000E1BED3 /* NewsApp */,
			);
		};
/* End PBXProject section */

/* Begin PBXResourcesBuildPhase section */
		B8996B2C259D854000E1BED3 /* Resources */ = {
			isa = PBXResourcesBuildPhase;
			buildActionMask = 2147483647;
			files = (
				B8996B39259D854200E1BED3 /* Preview Assets.xcassets in Resources */,
				B8996B36259D854200E1BED3 /* Assets.xcassets in Resources */,
			);
			runOnlyForDeploymentPostprocessing = 0;
		};
/* End PBXResourcesBuildPhase section */

/* Begin PBXSourcesBuildPhase section */
		B8996B2A259D854000E1BED3 /* Sources */ = {
			isa = PBXSourcesBuildPhase;
			buildActionMask = 2147483647;
			files = (
				B8865E0125A14DAC000A7EBF /* ListView.swift in Sources */,
				B8996B34259D854000E1BED3 /* ContentView.swift in Sources */,
				B8996B32259D854000E1BED3 /* NewsAppApp.swift in Sources */,
				B8865E0725A155B9000A7EBF /* WebView.swift in Sources */,
				B8865E0425A153D1000A7EBF /* DetailView.swift in Sources */,
				B8996B42259D854C00E1BED3 /* GetData.swift in Sources */,
			);
			runOnlyForDeploymentPostprocessing = 0;
		};
/* End PBXSourcesBuildPhase section */

/* Begin XCBuildConfiguration section */
		B8996B3B259D854200E1BED3 /* Debug */ = {
			isa = XCBuildConfiguration;
			buildSettings = {
				ALWAYS_SEARCH_USER_PATHS = NO;
				CLANG_ANALYZER_NONNULL = YES;
				CLANG_ANALYZER_NUMBER_OBJECT_CONVERSION = YES_AGGRESSIVE;
				CLANG_CXX_LANGUAGE_STANDARD = "gnu++14";
				CLANG_CXX_LIBRARY = "libc++";
				CLANG_ENABLE_MODULES = YES;
				CLANG_ENABLE_OBJC_ARC = YES;
				CLANG_ENABLE_OBJC_WEAK = YES;
				CLANG_WARN_BLOCK_CAPTURE_AUTORELEASING = YES;
				CLANG_WARN_BOOL_CONVERSION = YES;
				CLANG_WARN_COMMA = YES;
				CLANG_WARN_CONSTANT_CONVERSION = YES;
				CLANG_WARN_DEPRECATED_OBJC_IMPLEMENTATIONS = YES;
				CLANG_WARN_DIRECT_OBJC_ISA_USAGE = YES_ERROR;
				CLANG_WARN_DOCUMENTATION_COMMENTS = YES;
				CLANG_WARN_EMPTY_BODY = YES;
				CLANG_WARN_ENUM_CONVERSION = YES;
				CLANG_WARN_INFINITE_RECURSION = YES;
				CLANG_WARN_INT_CONVERSION = YES;
				CLANG_WARN_NON_LITERAL_NULL_CONVERSION = YES;
				CLANG_WARN_OBJC_IMPLICIT_RETAIN_SELF = YES;
				CLANG_WARN_OBJC_LITERAL_CONVERSION = YES;
				CLANG_WARN_OBJC_ROOT_CLASS = YES_ERROR;
				CLANG_WARN_QUOTED_INCLUDE_IN_FRAMEWORK_HEADER = YES;
				CLANG_WARN_RANGE_LOOP_ANALYSIS = YES;
				CLANG_WARN_STRICT_PROTOTYPES = YES;
				CLANG_WARN_SUSPICIOUS_MOVE = YES;
				CLANG_WARN_UNGUARDED_AVAILABILITY = YES_AGGRESSIVE;
				CLANG_WARN_UNREACHABLE_CODE = YES;
				CLANG_WARN__DUPLICATE_METHOD_MATCH = YES;
				COPY_PHASE_STRIP = NO;
				DEBUG_INFORMATION_FORMAT = dwarf;
				ENABLE_STRICT_OBJC_MSGSEND = YES;
				ENABLE_TESTABILITY = YES;
				GCC_C_LANGUAGE_STANDARD = gnu11;
				GCC_DYNAMIC_NO_PIC = NO;
				GCC_NO_COMMON_BLOCKS = YES;
				GCC_OPTIMIZATION_LEVEL = 0;
				GCC_PREPROCESSOR_DEFINITIONS = (
					"DEBUG=1",
					"$(inherited)",
				);
				GCC_WARN_64_TO_32_BIT_CONVERSION = YES;
				GCC_WARN_ABOUT_RETURN_TYPE = YES_ERROR;
				GCC_WARN_UNDECLARED_SELECTOR = YES;
				GCC_WARN_UNINITIALIZED_AUTOS = YES_AGGRESSIVE;
				GCC_WARN_UNUSED_FUNCTION = YES;
				GCC_WARN_UNUSED_VARIABLE = YES;
				IPHONEOS_DEPLOYMENT_TARGET = 14.3;
				MTL_ENABLE_DEBUG_INFO = INCLUDE_SOURCE;
				MTL_FAST_MATH = YES;
				ONLY_ACTIVE_ARCH = YES;
				SDKROOT = iphoneos;
				SWIFT_ACTIVE_COMPILATION_CONDITIONS = DEBUG;
				SWIFT_OPTIMIZATION_LEVEL = "-Onone";
			};
			name = Debug;
		};
		B8996B3C259D854200E1BED3 /* Release */ = {
			isa = XCBuildConfiguration;
			buildSettings = {
				ALWAYS_SEARCH_USER_PATHS = NO;
				CLANG_ANALYZER_NONNULL = YES;
				CLANG_ANALYZER_NUMBER_OBJECT_CONVERSION = YES_AGGRESSIVE;
				CLANG_CXX_LANGUAGE_STANDARD = "gnu++14";
				CLANG_CXX_LIBRARY = "libc++";
				CLANG_ENABLE_MODULES = YES;
				CLANG_ENABLE_OBJC_ARC = YES;
				CLANG_ENABLE_OBJC_WEAK = YES;
				CLANG_WARN_BLOCK_CAPTURE_AUTORELEASING = YES;
				CLANG_WARN_BOOL_CONVERSION = YES;
				CLANG_WARN_COMMA = YES;
				CLANG_WARN_CONSTANT_CONVERSION = YES;
				CLANG_WARN_DEPRECATED_OBJC_IMPLEMENTATIONS = YES;
				CLANG_WARN_DIRECT_OBJC_ISA_USAGE = YES_ERROR;
				CLANG_WARN_DOCUMENTATION_COMMENTS = YES;
				CLANG_WARN_EMPTY_BODY = YES;
				CLANG_WARN_ENUM_CONVERSION = YES;
				CLANG_WARN_INFINITE_RECURSION = YES;
				CLANG_WARN_INT_CONVERSION = YES;
				CLANG_WARN_NON_LITERAL_NULL_CONVERSION = YES;
				CLANG_WARN_OBJC_IMPLICIT_RETAIN_SELF = YES;
				CLANG_WARN_OBJC_LITERAL_CONVERSION = YES;
				CLANG_WARN_OBJC_ROOT_CLASS = YES_ERROR;
				CLANG_WARN_QUOTED_INCLUDE_IN_FRAMEWORK_HEADER = YES;
				CLANG_WARN_RANGE_LOOP_ANALYSIS = YES;
				CLANG_WARN_STRICT_PROTOTYPES = YES;
				CLANG_WARN_SUSPICIOUS_MOVE = YES;
				CLANG_WARN_UNGUARDED_AVAILABILITY = YES_AGGRESSIVE;
				CLANG_WARN_UNREACHABLE_CODE = YES;
				CLANG_WARN__DUPLICATE_METHOD_MATCH = YES;
				COPY_PHASE_STRIP = NO;
				DEBUG_INFORMATION_FORMAT = "dwarf-with-dsym";
				ENABLE_NS_ASSERTIONS = NO;
				ENABLE_STRICT_OBJC_MSGSEND = YES;
				GCC_C_LANGUAGE_STANDARD = gnu11;
				GCC_NO_COMMON_BLOCKS = YES;
				GCC_WARN_64_TO_32_BIT_CONVERSION = YES;
				GCC_WARN_ABOUT_RETURN_TYPE = YES_ERROR;
				GCC_WARN_UNDECLARED_SELECTOR = YES;
				GCC_WARN_UNINITIALIZED_AUTOS = YES_AGGRESSIVE;
				GCC_WARN_UNUSED_FUNCTION = YES;
				GCC_WARN_UNUSED_VARIABLE = YES;
				IPHONEOS_DEPLOYMENT_TARGET = 14.3;
				MTL_ENABLE_DEBUG_INFO = NO;
				MTL_FAST_MATH = YES;
				SDKROOT = iphoneos;
				SWIFT_COMPILATION_MODE = wholemodule;
				SWIFT_OPTIMIZATION_LEVEL = "-O";
				VALIDATE_PRODUCT = YES;
			};
			name = Release;
		};
		B8996B3E259D854200E1BED3 /* Debug */ = {
			isa = XCBuildConfiguration;
			buildSettings = {
				ASSETCATALOG_COMPILER_APPICON_NAME = AppIcon;
				ASSETCATALOG_COMPILER_GLOBAL_ACCENT_COLOR_NAME = AccentColor;
				CODE_SIGN_STYLE = Automatic;
				DEVELOPMENT_ASSET_PATHS = "\"NewsApp/Preview Content\"";
				DEVELOPMENT_TEAM = Y2ZCB493XX;
				ENABLE_PREVIEWS = YES;
				INFOPLIST_FILE = NewsApp/Info.plist;
				IPHONEOS_DEPLOYMENT_TARGET = 14.0;
				LD_RUNPATH_SEARCH_PATHS = (
					"$(inherited)",
					"@executable_path/Frameworks",
				);
				PRODUCT_BUNDLE_IDENTIFIER = Pedro.corp.NewsApp;
				PRODUCT_NAME = "$(TARGET_NAME)";
				SWIFT_VERSION = 5.0;
				TARGETED_DEVICE_FAMILY = "1,2";
			};
			name = Debug;
		};
		B8996B3F259D854200E1BED3 /* Release */ = {
			isa = XCBuildConfiguration;
			buildSettings = {
				ASSETCATALOG_COMPILER_APPICON_NAME = AppIcon;
				ASSETCATALOG_COMPILER_GLOBAL_ACCENT_COLOR_NAME = AccentColor;
				CODE_SIGN_STYLE = Automatic;
				DEVELOPMENT_ASSET_PATHS = "\"NewsApp/Preview Content\"";
				DEVELOPMENT_TEAM = Y2ZCB493XX;
				ENABLE_PREVIEWS = YES;
				INFOPLIST_FILE = NewsApp/Info.plist;
				IPHONEOS_DEPLOYMENT_TARGET = 14.0;
				LD_RUNPATH_SEARCH_PATHS = (
					"$(inherited)",
					"@executable_path/Frameworks",
				);
				PRODUCT_BUNDLE_IDENTIFIER = Pedro.corp.NewsApp;
				PRODUCT_NAME = "$(TARGET_NAME)";
				SWIFT_VERSION = 5.0;
				TARGETED_DEVICE_FAMILY = "1,2";
			};
			name = Release;
		};
/* End XCBuildConfiguration section */

/* Begin XCConfigurationList section */
		B8996B29259D854000E1BED3 /* Build configuration list for PBXProject "NewsApp" */ = {
			isa = XCConfigurationList;
			buildConfigurations = (
				B8996B3B259D854200E1BED3 /* Debug */,
				B8996B3C259D854200E1BED3 /* Release */,
			);
			defaultConfigurationIsVisible = 0;
			defaultConfigurationName = Release;
		};
		B8996B3D259D854200E1BED3 /* Build configuration list for PBXNativeTarget "NewsApp" */ = {
			isa = XCConfigurationList;
			buildConfigurations = (
				B8996B3E259D854200E1BED3 /* Debug */,
				B8996B3F259D854200E1BED3 /* Release */,
			);
			defaultConfigurationIsVisible = 0;
			defaultConfigurationName = Release;
		};
/* End XCConfigurationList section */

/* Begin XCRemoteSwiftPackageReference section */
		B8865DF825A14A45000A7EBF /* XCRemoteSwiftPackageReference "SwiftyJSON" */ = {
			isa = XCRemoteSwiftPackageReference;
			repositoryURL = "https://github.com/SwiftyJSON/SwiftyJSON.git";
			requirement = {
				kind = upToNextMajorVersion;
				minimumVersion = 5.0.0;
			};
		};
		B8865DFC25A14A63000A7EBF /* XCRemoteSwiftPackageReference "SDWebImageSwiftUI" */ = {
			isa = XCRemoteSwiftPackageReference;
			repositoryURL = "https://github.com/SDWebImage/SDWebImageSwiftUI.git";
			requirement = {
				kind = upToNextMajorVersion;
				minimumVersion = 1.5.0;
			};
		};
/* End XCRemoteSwiftPackageReference section */

/* Begin XCSwiftPackageProductDependency section */
		B8865DF925A14A45000A7EBF /* SwiftyJSON */ = {
			isa = XCSwiftPackageProductDependency;
			package = B8865DF825A14A45000A7EBF /* XCRemoteSwiftPackageReference "SwiftyJSON" */;
			productName = SwiftyJSON;
		};
		B8865DFD25A14A63000A7EBF /* SDWebImageSwiftUI */ = {
			isa = XCSwiftPackageProductDependency;
			package = B8865DFC25A14A63000A7EBF /* XCRemoteSwiftPackageReference "SDWebImageSwiftUI" */;
			productName = SDWebImageSwiftUI;
		};
/* End XCSwiftPackageProductDependency section */
	};
	rootObject = B8996B26259D854000E1BED3 /* Project object */;
}
